Microsoft Visual Studio Solution File, Format Version 12.00
# Visual Studio 2012
Project("{60DA99D3-E454-E42E-8C5B-11667FBC0D6D}") = "LearnFPSPlayWithKM", "Assembly-CSharp.csproj", "{B2516D9F-0C09-1984-C546-67051A50987C}"
EndProject
Project("{60DA99D3-E454-E42E-8C5B-11667FBC0D6D}") = "LearnFPSPlayWithKM", "Assembly-CSharp-Editor-firstpass.csproj", "{766838DD-586D-E0DF-C4B4-43F3D4BCE0B9}"
EndProject
Global
	GlobalSection(SolutionConfigurationPlatforms) = preSolution
		Debug|Any CPU = Debug|Any CPU
		Release|Any CPU = Release|Any CPU
	EndGlobalSection
	GlobalSection(ProjectConfigurationPlatforms) = postSolution
		{B2516D9F-0C09-1984-C546-67051A50987C}.Debug|Any CPU.ActiveCfg = Debug|Any CPU
		{B2516D9F-0C09-1984-C546-67051A50987C}.Debug|Any CPU.Build.0 = Debug|Any CPU
		{B2516D9F-0C09-1984-C546-67051A50987C}.Release|Any CPU.ActiveCfg = Release|Any CPU
		{B2516D9F-0C09-1984-C546-67051A50987C}.Release|Any CPU.Build.0 = Release|Any CPU
		{766838DD-586D-E0DF-C4B4-43F3D4BCE0B9}.Debug|Any CPU.ActiveCfg = Debug|Any CPU
		{766838DD-586D-E0DF-C4B4-43F3D4BCE0B9}.Debug|Any CPU.Build.0 = Debug|Any CPU
		{766838DD-586D-E0DF-C4B4-43F3D4BCE0B9}.Release|Any CPU.ActiveCfg = Release|Any CPU
		{766838DD-586D-E0DF-C4B4-43F3D4BCE0B9}.Release|Any CPU.Build.0 = Release|Any CPU
	EndGlobalSection
	GlobalSection(MonoDevelopProperties) = preSolution
		StartupItem = Assembly-CSharp.csproj
	EndGlobalSection
EndGlobal
